// !$*UTF8*$!
{
	archiveVersion = 1;
	classes = {
	};
	objectVersion = 55;
	objects = {

/* Begin PBXBuildFile section */
		8ED8AFA427A211750066C525 /* AppDelegate.swift in Sources */ = {isa = PBXBuildFile; fileRef = 8ED8AFA327A211750066C525 /* AppDelegate.swift */; };
		8ED8AFA627A211750066C525 /* SceneDelegate.swift in Sources */ = {isa = PBXBuildFile; fileRef = 8ED8AFA527A211750066C525 /* SceneDelegate.swift */; };
		8ED8AFAB27A211750066C525 /* Main.storyboard in Resources */ = {isa = PBXBuildFile; fileRef = 8ED8AFA927A211750066C525 /* Main.storyboard */; };
		8ED8AFAD27A211770066C525 /* Assets.xcassets in Resources */ = {isa = PBXBuildFile; fileRef = 8ED8AFAC27A211770066C525 /* Assets.xcassets */; };
		8ED8AFB027A211770066C525 /* LaunchScreen.storyboard in Resources */ = {isa = PBXBuildFile; fileRef = 8ED8AFAE27A211770066C525 /* LaunchScreen.storyboard */; };
		8ED8AFBB27A21DB10066C525 /* City.swift in Sources */ = {isa = PBXBuildFile; fileRef = 8ED8AFBA27A21DB10066C525 /* City.swift */; };
		FB83044627B1E048000D7FBD /* CacheManager.swift in Sources */ = {isa = PBXBuildFile; fileRef = FB83044327B1E048000D7FBD /* CacheManager.swift */; };
		FB83044727B1E048000D7FBD /* CityListService.swift in Sources */ = {isa = PBXBuildFile; fileRef = FB83044427B1E048000D7FBD /* CityListService.swift */; };
		FB83044827B1E049000D7FBD /* ForecastService.swift in Sources */ = {isa = PBXBuildFile; fileRef = FB83044527B1E048000D7FBD /* ForecastService.swift */; };
		FB83044F27B1E060000D7FBD /* DetailWeatherViewController.swift in Sources */ = {isa = PBXBuildFile; fileRef = FB83044927B1E060000D7FBD /* DetailWeatherViewController.swift */; };
		FB83045027B1E060000D7FBD /* DetailView.swift in Sources */ = {isa = PBXBuildFile; fileRef = FB83044A27B1E060000D7FBD /* DetailView.swift */; };
		FB83045127B1E060000D7FBD /* ForecastViewController.swift in Sources */ = {isa = PBXBuildFile; fileRef = FB83044B27B1E060000D7FBD /* ForecastViewController.swift */; };
		FB83045227B1E060000D7FBD /* GraphView.swift in Sources */ = {isa = PBXBuildFile; fileRef = FB83044C27B1E060000D7FBD /* GraphView.swift */; };
		FB83045327B1E060000D7FBD /* CityTableViewCell.swift in Sources */ = {isa = PBXBuildFile; fileRef = FB83044D27B1E060000D7FBD /* CityTableViewCell.swift */; };
		FB83045427B1E060000D7FBD /* CityListViewController.swift in Sources */ = {isa = PBXBuildFile; fileRef = FB83044E27B1E060000D7FBD /* CityListViewController.swift */; };
		FB83045827B1E074000D7FBD /* CityListViewModel.swift in Sources */ = {isa = PBXBuildFile; fileRef = FB83045527B1E073000D7FBD /* CityListViewModel.swift */; };
		FB83045927B1E074000D7FBD /* DetailWeatherViewModel.swift in Sources */ = {isa = PBXBuildFile; fileRef = FB83045627B1E073000D7FBD /* DetailWeatherViewModel.swift */; };
		FB83045A27B1E074000D7FBD /* ForecastViewModel.swift in Sources */ = {isa = PBXBuildFile; fileRef = FB83045727B1E074000D7FBD /* ForecastViewModel.swift */; };
		FB83045D27B1E081000D7FBD /* DetailWeather.swift in Sources */ = {isa = PBXBuildFile; fileRef = FB83045B27B1E081000D7FBD /* DetailWeather.swift */; };
		FB83045E27B1E081000D7FBD /* JSONToStruct.swift in Sources */ = {isa = PBXBuildFile; fileRef = FB83045C27B1E081000D7FBD /* JSONToStruct.swift */; };
		FB83046827B1E0F7000D7FBD /* AppCoordinator.swift in Sources */ = {isa = PBXBuildFile; fileRef = FB83046427B1E0F7000D7FBD /* AppCoordinator.swift */; };
		FB83046927B1E0F7000D7FBD /* CityCoordinator.swift in Sources */ = {isa = PBXBuildFile; fileRef = FB83046527B1E0F7000D7FBD /* CityCoordinator.swift */; };
		FB83046A27B1E0F7000D7FBD /* DetailWeatherCoordinator.swift in Sources */ = {isa = PBXBuildFile; fileRef = FB83046627B1E0F7000D7FBD /* DetailWeatherCoordinator.swift */; };
		FB83046B27B1E0F7000D7FBD /* Coordinator.swift in Sources */ = {isa = PBXBuildFile; fileRef = FB83046727B1E0F7000D7FBD /* Coordinator.swift */; };
		FB83046E27B1E108000D7FBD /* UIImageView+.swift in Sources */ = {isa = PBXBuildFile; fileRef = FB83046D27B1E108000D7FBD /* UIImageView+.swift */; };
		FBE62FAE27A35771007B5E97 /* APIManager.swift in Sources */ = {isa = PBXBuildFile; fileRef = FBE62FAD27A35771007B5E97 /* APIManager.swift */; };
/* End PBXBuildFile section */

/* Begin PBXFileReference section */
		8ED8AFA027A211750066C525 /* Weather.app */ = {isa = PBXFileReference; explicitFileType = wrapper.application; includeInIndex = 0; path = Weather.app; sourceTree = BUILT_PRODUCTS_DIR; };
		8ED8AFA327A211750066C525 /* AppDelegate.swift */ = {isa = PBXFileReference; lastKnownFileType = sourcecode.swift; path = AppDelegate.swift; sourceTree = "<group>"; };
		8ED8AFA527A211750066C525 /* SceneDelegate.swift */ = {isa = PBXFileReference; lastKnownFileType = sourcecode.swift; path = SceneDelegate.swift; sourceTree = "<group>"; };
		8ED8AFAA27A211750066C525 /* Base */ = {isa = PBXFileReference; lastKnownFileType = file.storyboard; name = Base; path = Base.lproj/Main.storyboard; sourceTree = "<group>"; };
		8ED8AFAC27A211770066C525 /* Assets.xcassets */ = {isa = PBXFileReference; lastKnownFileType = folder.assetcatalog; path = Assets.xcassets; sourceTree = "<group>"; };
		8ED8AFAF27A211770066C525 /* Base */ = {isa = PBXFileReference; lastKnownFileType = file.storyboard; name = Base; path = Base.lproj/LaunchScreen.storyboard; sourceTree = "<group>"; };
		8ED8AFB127A211770066C525 /* Info.plist */ = {isa = PBXFileReference; lastKnownFileType = text.plist.xml; path = Info.plist; sourceTree = "<group>"; };
		8ED8AFBA27A21DB10066C525 /* City.swift */ = {isa = PBXFileReference; lastKnownFileType = sourcecode.swift; path = City.swift; sourceTree = "<group>"; };
		FB83044327B1E048000D7FBD /* CacheManager.swift */ = {isa = PBXFileReference; fileEncoding = 4; lastKnownFileType = sourcecode.swift; path = CacheManager.swift; sourceTree = "<group>"; };
		FB83044427B1E048000D7FBD /* CityListService.swift */ = {isa = PBXFileReference; fileEncoding = 4; lastKnownFileType = sourcecode.swift; path = CityListService.swift; sourceTree = "<group>"; };
		FB83044527B1E048000D7FBD /* ForecastService.swift */ = {isa = PBXFileReference; fileEncoding = 4; lastKnownFileType = sourcecode.swift; path = ForecastService.swift; sourceTree = "<group>"; };
		FB83044927B1E060000D7FBD /* DetailWeatherViewController.swift */ = {isa = PBXFileReference; fileEncoding = 4; lastKnownFileType = sourcecode.swift; path = DetailWeatherViewController.swift; sourceTree = "<group>"; };
		FB83044A27B1E060000D7FBD /* DetailView.swift */ = {isa = PBXFileReference; fileEncoding = 4; lastKnownFileType = sourcecode.swift; path = DetailView.swift; sourceTree = "<group>"; };
		FB83044B27B1E060000D7FBD /* ForecastViewController.swift */ = {isa = PBXFileReference; fileEncoding = 4; lastKnownFileType = sourcecode.swift; path = ForecastViewController.swift; sourceTree = "<group>"; };
		FB83044C27B1E060000D7FBD /* GraphView.swift */ = {isa = PBXFileReference; fileEncoding = 4; lastKnownFileType = sourcecode.swift; path = GraphView.swift; sourceTree = "<group>"; };
		FB83044D27B1E060000D7FBD /* CityTableViewCell.swift */ = {isa = PBXFileReference; fileEncoding = 4; lastKnownFileType = sourcecode.swift; path = CityTableViewCell.swift; sourceTree = "<group>"; };
		FB83044E27B1E060000D7FBD /* CityListViewController.swift */ = {isa = PBXFileReference; fileEncoding = 4; lastKnownFileType = sourcecode.swift; path = CityListViewController.swift; sourceTree = "<group>"; };
		FB83045527B1E073000D7FBD /* CityListViewModel.swift */ = {isa = PBXFileReference; fileEncoding = 4; lastKnownFileType = sourcecode.swift; path = CityListViewModel.swift; sourceTree = "<group>"; };
		FB83045627B1E073000D7FBD /* DetailWeatherViewModel.swift */ = {isa = PBXFileReference; fileEncoding = 4; lastKnownFileType = sourcecode.swift; path = DetailWeatherViewModel.swift; sourceTree = "<group>"; };
		FB83045727B1E074000D7FBD /* ForecastViewModel.swift */ = {isa = PBXFileReference; fileEncoding = 4; lastKnownFileType = sourcecode.swift; path = ForecastViewModel.swift; sourceTree = "<group>"; };
		FB83045B27B1E081000D7FBD /* DetailWeather.swift */ = {isa = PBXFileReference; fileEncoding = 4; lastKnownFileType = sourcecode.swift; path = DetailWeather.swift; sourceTree = "<group>"; };
		FB83045C27B1E081000D7FBD /* JSONToStruct.swift */ = {isa = PBXFileReference; fileEncoding = 4; lastKnownFileType = sourcecode.swift; path = JSONToStruct.swift; sourceTree = "<group>"; };
		FB83046427B1E0F7000D7FBD /* AppCoordinator.swift */ = {isa = PBXFileReference; fileEncoding = 4; lastKnownFileType = sourcecode.swift; path = AppCoordinator.swift; sourceTree = "<group>"; };
		FB83046527B1E0F7000D7FBD /* CityCoordinator.swift */ = {isa = PBXFileReference; fileEncoding = 4; lastKnownFileType = sourcecode.swift; path = CityCoordinator.swift; sourceTree = "<group>"; };
		FB83046627B1E0F7000D7FBD /* DetailWeatherCoordinator.swift */ = {isa = PBXFileReference; fileEncoding = 4; lastKnownFileType = sourcecode.swift; path = DetailWeatherCoordinator.swift; sourceTree = "<group>"; };
		FB83046727B1E0F7000D7FBD /* Coordinator.swift */ = {isa = PBXFileReference; fileEncoding = 4; lastKnownFileType = sourcecode.swift; path = Coordinator.swift; sourceTree = "<group>"; };
		FB83046D27B1E108000D7FBD /* UIImageView+.swift */ = {isa = PBXFileReference; fileEncoding = 4; lastKnownFileType = sourcecode.swift; path = "UIImageView+.swift"; sourceTree = "<group>"; };
		FBE62FAD27A35771007B5E97 /* APIManager.swift */ = {isa = PBXFileReference; lastKnownFileType = sourcecode.swift; path = APIManager.swift; sourceTree = "<group>"; };
/* End PBXFileReference section */

/* Begin PBXFrameworksBuildPhase section */
		8ED8AF9D27A211750066C525 /* Frameworks */ = {
			isa = PBXFrameworksBuildPhase;
			buildActionMask = 2147483647;
			files = (
			);
			runOnlyForDeploymentPostprocessing = 0;
		};
/* End PBXFrameworksBuildPhase section */

/* Begin PBXGroup section */
		8ED8AF9727A211750066C525 = {
			isa = PBXGroup;
			children = (
				8ED8AFA227A211750066C525 /* Weather */,
				8ED8AFA127A211750066C525 /* Products */,
			);
			sourceTree = "<group>";
		};
		8ED8AFA127A211750066C525 /* Products */ = {
			isa = PBXGroup;
			children = (
				8ED8AFA027A211750066C525 /* Weather.app */,
			);
			name = Products;
			sourceTree = "<group>";
		};
		8ED8AFA227A211750066C525 /* Weather */ = {
			isa = PBXGroup;
			children = (
				FB83046327B1E0F7000D7FBD /* Coordinator */,
				FB83046C27B1E108000D7FBD /* Extension */,
				FBE62FAC27A35740007B5E97 /* Network */,
				8ED8AFB927A21D7A0066C525 /* View */,
				8ED8AFB827A21D5B0066C525 /* ViewModel */,
				8ED8AFB727A21D530066C525 /* Model */,
				8ED8AFA327A211750066C525 /* AppDelegate.swift */,
				8ED8AFA527A211750066C525 /* SceneDelegate.swift */,
				8ED8AFA927A211750066C525 /* Main.storyboard */,
				8ED8AFAC27A211770066C525 /* Assets.xcassets */,
				8ED8AFAE27A211770066C525 /* LaunchScreen.storyboard */,
				8ED8AFB127A211770066C525 /* Info.plist */,
			);
			path = Weather;
			sourceTree = "<group>";
		};
		8ED8AFB727A21D530066C525 /* Model */ = {
			isa = PBXGroup;
			children = (
				FB83045B27B1E081000D7FBD /* DetailWeather.swift */,
				FB83045C27B1E081000D7FBD /* JSONToStruct.swift */,
				8ED8AFBA27A21DB10066C525 /* City.swift */,
			);
			path = Model;
			sourceTree = "<group>";
		};
		8ED8AFB827A21D5B0066C525 /* ViewModel */ = {
			isa = PBXGroup;
			children = (
				FB83045527B1E073000D7FBD /* CityListViewModel.swift */,
				FB83045627B1E073000D7FBD /* DetailWeatherViewModel.swift */,
				FB83045727B1E074000D7FBD /* ForecastViewModel.swift */,
			);
			path = ViewModel;
			sourceTree = "<group>";
		};
		8ED8AFB927A21D7A0066C525 /* View */ = {
			isa = PBXGroup;
			children = (
				FB83044E27B1E060000D7FBD /* CityListViewController.swift */,
				FB83044D27B1E060000D7FBD /* CityTableViewCell.swift */,
				FB83044A27B1E060000D7FBD /* DetailView.swift */,
				FB83044927B1E060000D7FBD /* DetailWeatherViewController.swift */,
				FB83044B27B1E060000D7FBD /* ForecastViewController.swift */,
				FB83044C27B1E060000D7FBD /* GraphView.swift */,
			);
			path = View;
			sourceTree = "<group>";
		};
		FB83046327B1E0F7000D7FBD /* Coordinator */ = {
			isa = PBXGroup;
			children = (
				FB83046427B1E0F7000D7FBD /* AppCoordinator.swift */,
				FB83046527B1E0F7000D7FBD /* CityCoordinator.swift */,
				FB83046627B1E0F7000D7FBD /* DetailWeatherCoordinator.swift */,
				FB83046727B1E0F7000D7FBD /* Coordinator.swift */,
			);
			path = Coordinator;
			sourceTree = "<group>";
		};
		FB83046C27B1E108000D7FBD /* Extension */ = {
			isa = PBXGroup;
			children = (
				FB83046D27B1E108000D7FBD /* UIImageView+.swift */,
			);
			path = Extension;
			sourceTree = "<group>";
		};
		FBE62FAC27A35740007B5E97 /* Network */ = {
			isa = PBXGroup;
			children = (
				FB83044327B1E048000D7FBD /* CacheManager.swift */,
				FB83044427B1E048000D7FBD /* CityListService.swift */,
				FB83044527B1E048000D7FBD /* ForecastService.swift */,
				FBE62FAD27A35771007B5E97 /* APIManager.swift */,
			);
			path = Network;
			sourceTree = "<group>";
		};
/* End PBXGroup section */

/* Begin PBXNativeTarget section */
		8ED8AF9F27A211750066C525 /* Weather */ = {
			isa = PBXNativeTarget;
			buildConfigurationList = 8ED8AFB427A211770066C525 /* Build configuration list for PBXNativeTarget "Weather" */;
			buildPhases = (
				8ED8AF9C27A211750066C525 /* Sources */,
				8ED8AF9D27A211750066C525 /* Frameworks */,
				8ED8AF9E27A211750066C525 /* Resources */,
			);
			buildRules = (
			);
			dependencies = (
			);
			name = Weather;
			productName = Weather;
			productReference = 8ED8AFA027A211750066C525 /* Weather.app */;
			productType = "com.apple.product-type.application";
		};
/* End PBXNativeTarget section */

/* Begin PBXProject section */
		8ED8AF9827A211750066C525 /* Project object */ = {
			isa = PBXProject;
			attributes = {
				BuildIndependentTargetsInParallel = 1;
				LastSwiftUpdateCheck = 1320;
				LastUpgradeCheck = 1320;
				TargetAttributes = {
					8ED8AF9F27A211750066C525 = {
						CreatedOnToolsVersion = 13.2.1;
					};
				};
			};
			buildConfigurationList = 8ED8AF9B27A211750066C525 /* Build configuration list for PBXProject "Weather" */;
			compatibilityVersion = "Xcode 13.0";
			developmentRegion = en;
			hasScannedForEncodings = 0;
			knownRegions = (
				en,
				Base,
			);
			mainGroup = 8ED8AF9727A211750066C525;
			productRefGroup = 8ED8AFA127A211750066C525 /* Products */;
			projectDirPath = "";
			projectRoot = "";
			targets = (
				8ED8AF9F27A211750066C525 /* Weather */,
			);
		};
/* End PBXProject section */

/* Begin PBXResourcesBuildPhase section */
		8ED8AF9E27A211750066C525 /* Resources */ = {
			isa = PBXResourcesBuildPhase;
			buildActionMask = 2147483647;
			files = (
				8ED8AFB027A211770066C525 /* LaunchScreen.storyboard in Resources */,
				8ED8AFAD27A211770066C525 /* Assets.xcassets in Resources */,
				8ED8AFAB27A211750066C525 /* Main.storyboard in Resources */,
			);
			runOnlyForDeploymentPostprocessing = 0;
		};
/* End PBXResourcesBuildPhase section */

/* Begin PBXSourcesBuildPhase section */
		8ED8AF9C27A211750066C525 /* Sources */ = {
			isa = PBXSourcesBuildPhase;
			buildActionMask = 2147483647;
			files = (
				FB83044F27B1E060000D7FBD /* DetailWeatherViewController.swift in Sources */,
				FBE62FAE27A35771007B5E97 /* APIManager.swift in Sources */,
				FB83044727B1E048000D7FBD /* CityListService.swift in Sources */,
				8ED8AFA427A211750066C525 /* AppDelegate.swift in Sources */,
				FB83045E27B1E081000D7FBD /* JSONToStruct.swift in Sources */,
				FB83045A27B1E074000D7FBD /* ForecastViewModel.swift in Sources */,
				FB83046B27B1E0F7000D7FBD /* Coordinator.swift in Sources */,
				FB83045127B1E060000D7FBD /* ForecastViewController.swift in Sources */,
				FB83045227B1E060000D7FBD /* GraphView.swift in Sources */,
				FB83045927B1E074000D7FBD /* DetailWeatherViewModel.swift in Sources */,
				FB83046927B1E0F7000D7FBD /* CityCoordinator.swift in Sources */,
				FB83046A27B1E0F7000D7FBD /* DetailWeatherCoordinator.swift in Sources */,
				FB83045027B1E060000D7FBD /* DetailView.swift in Sources */,
				FB83045D27B1E081000D7FBD /* DetailWeather.swift in Sources */,
				FB83045427B1E060000D7FBD /* CityListViewController.swift in Sources */,
				FB83045327B1E060000D7FBD /* CityTableViewCell.swift in Sources */,
				FB83044627B1E048000D7FBD /* CacheManager.swift in Sources */,
				8ED8AFBB27A21DB10066C525 /* City.swift in Sources */,
				FB83046827B1E0F7000D7FBD /* AppCoordinator.swift in Sources */,
				FB83045827B1E074000D7FBD /* CityListViewModel.swift in Sources */,
				FB83044827B1E049000D7FBD /* ForecastService.swift in Sources */,
				8ED8AFA627A211750066C525 /* SceneDelegate.swift in Sources */,
				FB83046E27B1E108000D7FBD /* UIImageView+.swift in Sources */,
			);
			runOnlyForDeploymentPostprocessing = 0;
		};
/* End PBXSourcesBuildPhase section */

/* Begin PBXVariantGroup section */
		8ED8AFA927A211750066C525 /* Main.storyboard */ = {
			isa = PBXVariantGroup;
			children = (
				8ED8AFAA27A211750066C525 /* Base */,
			);
			name = Main.storyboard;
			sourceTree = "<group>";
		};
		8ED8AFAE27A211770066C525 /* LaunchScreen.storyboard */ = {
			isa = PBXVariantGroup;
			children = (
				8ED8AFAF27A211770066C525 /* Base */,
			);
			name = LaunchScreen.storyboard;
			sourceTree = "<group>";
		};
/* End PBXVariantGroup section */

/* Begin XCBuildConfiguration section */
		8ED8AFB227A211770066C525 /* Debug */ = {
			isa = XCBuildConfiguration;
			buildSettings = {
				ALWAYS_SEARCH_USER_PATHS = NO;
				CLANG_ANALYZER_NONNULL = YES;
				CLANG_ANALYZER_NUMBER_OBJECT_CONVERSION = YES_AGGRESSIVE;
				CLANG_CXX_LANGUAGE_STANDARD = "gnu++17";
				CLANG_CXX_LIBRARY = "libc++";
				CLANG_ENABLE_MODULES = YES;
				CLANG_ENABLE_OBJC_ARC = YES;
				CLANG_ENABLE_OBJC_WEAK = YES;
				CLANG_WARN_BLOCK_CAPTURE_AUTORELEASING = YES;
				CLANG_WARN_BOOL_CONVERSION = YES;
				CLANG_WARN_COMMA = YES;
				CLANG_WARN_CONSTANT_CONVERSION = YES;
				CLANG_WARN_DEPRECATED_OBJC_IMPLEMENTATIONS = YES;
				CLANG_WARN_DIRECT_OBJC_ISA_USAGE = YES_ERROR;
				CLANG_WARN_DOCUMENTATION_COMMENTS = YES;
				CLANG_WARN_EMPTY_BODY = YES;
				CLANG_WARN_ENUM_CONVERSION = YES;
				CLANG_WARN_INFINITE_RECURSION = YES;
				CLANG_WARN_INT_CONVERSION = YES;
				CLANG_WARN_NON_LITERAL_NULL_CONVERSION = YES;
				CLANG_WARN_OBJC_IMPLICIT_RETAIN_SELF = YES;
				CLANG_WARN_OBJC_LITERAL_CONVERSION = YES;
				CLANG_WARN_OBJC_ROOT_CLASS = YES_ERROR;
				CLANG_WARN_QUOTED_INCLUDE_IN_FRAMEWORK_HEADER = YES;
				CLANG_WARN_RANGE_LOOP_ANALYSIS = YES;
				CLANG_WARN_STRICT_PROTOTYPES = YES;
				CLANG_WARN_SUSPICIOUS_MOVE = YES;
				CLANG_WARN_UNGUARDED_AVAILABILITY = YES_AGGRESSIVE;
				CLANG_WARN_UNREACHABLE_CODE = YES;
				CLANG_WARN__DUPLICATE_METHOD_MATCH = YES;
				COPY_PHASE_STRIP = NO;
				DEBUG_INFORMATION_FORMAT = dwarf;
				ENABLE_STRICT_OBJC_MSGSEND = YES;
				ENABLE_TESTABILITY = YES;
				GCC_C_LANGUAGE_STANDARD = gnu11;
				GCC_DYNAMIC_NO_PIC = NO;
				GCC_NO_COMMON_BLOCKS = YES;
				GCC_OPTIMIZATION_LEVEL = 0;
				GCC_PREPROCESSOR_DEFINITIONS = (
					"DEBUG=1",
					"$(inherited)",
				);
				GCC_WARN_64_TO_32_BIT_CONVERSION = YES;
				GCC_WARN_ABOUT_RETURN_TYPE = YES_ERROR;
				GCC_WARN_UNDECLARED_SELECTOR = YES;
				GCC_WARN_UNINITIALIZED_AUTOS = YES_AGGRESSIVE;
				GCC_WARN_UNUSED_FUNCTION = YES;
				GCC_WARN_UNUSED_VARIABLE = YES;
				IPHONEOS_DEPLOYMENT_TARGET = 15.2;
				MTL_ENABLE_DEBUG_INFO = INCLUDE_SOURCE;
				MTL_FAST_MATH = YES;
				ONLY_ACTIVE_ARCH = YES;
				SDKROOT = iphoneos;
				SWIFT_ACTIVE_COMPILATION_CONDITIONS = DEBUG;
				SWIFT_OPTIMIZATION_LEVEL = "-Onone";
			};
			name = Debug;
		};
		8ED8AFB327A211770066C525 /* Release */ = {
			isa = XCBuildConfiguration;
			buildSettings = {
				ALWAYS_SEARCH_USER_PATHS = NO;
				CLANG_ANALYZER_NONNULL = YES;
				CLANG_ANALYZER_NUMBER_OBJECT_CONVERSION = YES_AGGRESSIVE;
				CLANG_CXX_LANGUAGE_STANDARD = "gnu++17";
				CLANG_CXX_LIBRARY = "libc++";
				CLANG_ENABLE_MODULES = YES;
				CLANG_ENABLE_OBJC_ARC = YES;
				CLANG_ENABLE_OBJC_WEAK = YES;
				CLANG_WARN_BLOCK_CAPTURE_AUTORELEASING = YES;
				CLANG_WARN_BOOL_CONVERSION = YES;
				CLANG_WARN_COMMA = YES;
				CLANG_WARN_CONSTANT_CONVERSION = YES;
				CLANG_WARN_DEPRECATED_OBJC_IMPLEMENTATIONS = YES;
				CLANG_WARN_DIRECT_OBJC_ISA_USAGE = YES_ERROR;
				CLANG_WARN_DOCUMENTATION_COMMENTS = YES;
				CLANG_WARN_EMPTY_BODY = YES;
				CLANG_WARN_ENUM_CONVERSION = YES;
				CLANG_WARN_INFINITE_RECURSION = YES;
				CLANG_WARN_INT_CONVERSION = YES;
				CLANG_WARN_NON_LITERAL_NULL_CONVERSION = YES;
				CLANG_WARN_OBJC_IMPLICIT_RETAIN_SELF = YES;
				CLANG_WARN_OBJC_LITERAL_CONVERSION = YES;
				CLANG_WARN_OBJC_ROOT_CLASS = YES_ERROR;
				CLANG_WARN_QUOTED_INCLUDE_IN_FRAMEWORK_HEADER = YES;
				CLANG_WARN_RANGE_LOOP_ANALYSIS = YES;
				CLANG_WARN_STRICT_PROTOTYPES = YES;
				CLANG_WARN_SUSPICIOUS_MOVE = YES;
				CLANG_WARN_UNGUARDED_AVAILABILITY = YES_AGGRESSIVE;
				CLANG_WARN_UNREACHABLE_CODE = YES;
				CLANG_WARN__DUPLICATE_METHOD_MATCH = YES;
				COPY_PHASE_STRIP = NO;
				DEBUG_INFORMATION_FORMAT = "dwarf-with-dsym";
				ENABLE_NS_ASSERTIONS = NO;
				ENABLE_STRICT_OBJC_MSGSEND = YES;
				GCC_C_LANGUAGE_STANDARD = gnu11;
				GCC_NO_COMMON_BLOCKS = YES;
				GCC_WARN_64_TO_32_BIT_CONVERSION = YES;
				GCC_WARN_ABOUT_RETURN_TYPE = YES_ERROR;
				GCC_WARN_UNDECLARED_SELECTOR = YES;
				GCC_WARN_UNINITIALIZED_AUTOS = YES_AGGRESSIVE;
				GCC_WARN_UNUSED_FUNCTION = YES;
				GCC_WARN_UNUSED_VARIABLE = YES;
				IPHONEOS_DEPLOYMENT_TARGET = 15.2;
				MTL_ENABLE_DEBUG_INFO = NO;
				MTL_FAST_MATH = YES;
				SDKROOT = iphoneos;
				SWIFT_COMPILATION_MODE = wholemodule;
				SWIFT_OPTIMIZATION_LEVEL = "-O";
				VALIDATE_PRODUCT = YES;
			};
			name = Release;
		};
		8ED8AFB527A211770066C525 /* Debug */ = {
			isa = XCBuildConfiguration;
			buildSettings = {
				ASSETCATALOG_COMPILER_APPICON_NAME = AppIcon;
				ASSETCATALOG_COMPILER_GLOBAL_ACCENT_COLOR_NAME = AccentColor;
				CODE_SIGN_STYLE = Automatic;
				CURRENT_PROJECT_VERSION = 1;
				DEVELOPMENT_TEAM = AHVY398FAJ;
				GENERATE_INFOPLIST_FILE = YES;
				INFOPLIST_FILE = Weather/Info.plist;
				INFOPLIST_KEY_UIApplicationSupportsIndirectInputEvents = YES;
				INFOPLIST_KEY_UILaunchStoryboardName = LaunchScreen;
				INFOPLIST_KEY_UIMainStoryboardFile = Main;
				INFOPLIST_KEY_UISupportedInterfaceOrientations_iPad = "UIInterfaceOrientationPortrait UIInterfaceOrientationPortraitUpsideDown UIInterfaceOrientationLandscapeLeft UIInterfaceOrientationLandscapeRight";
				INFOPLIST_KEY_UISupportedInterfaceOrientations_iPhone = "UIInterfaceOrientationPortrait UIInterfaceOrientationLandscapeLeft UIInterfaceOrientationLandscapeRight";
				LD_RUNPATH_SEARCH_PATHS = (
					"$(inherited)",
					"@executable_path/Frameworks",
				);
				MARKETING_VERSION = 1.0;
				PRODUCT_BUNDLE_IDENTIFIER = com.Koo.Weather;
				PRODUCT_NAME = "$(TARGET_NAME)";
				SWIFT_EMIT_LOC_STRINGS = YES;
				SWIFT_VERSION = 5.0;
				TARGETED_DEVICE_FAMILY = "1,2";
			};
			name = Debug;
		};
		8ED8AFB627A211770066C525 /* Release */ = {
			isa = XCBuildConfiguration;
			buildSettings = {
				ASSETCATALOG_COMPILER_APPICON_NAME = AppIcon;
				ASSETCATALOG_COMPILER_GLOBAL_ACCENT_COLOR_NAME = AccentColor;
				CODE_SIGN_STYLE = Automatic;
				CURRENT_PROJECT_VERSION = 1;
				DEVELOPMENT_TEAM = AHVY398FAJ;
				GENERATE_INFOPLIST_FILE = YES;
				INFOPLIST_FILE = Weather/Info.plist;
				INFOPLIST_KEY_UIApplicationSupportsIndirectInputEvents = YES;
				INFOPLIST_KEY_UILaunchStoryboardName = LaunchScreen;
				INFOPLIST_KEY_UIMainStoryboardFile = Main;
				INFOPLIST_KEY_UISupportedInterfaceOrientations_iPad = "UIInterfaceOrientationPortrait UIInterfaceOrientationPortraitUpsideDown UIInterfaceOrientationLandscapeLeft UIInterfaceOrientationLandscapeRight";
				INFOPLIST_KEY_UISupportedInterfaceOrientations_iPhone = "UIInterfaceOrientationPortrait UIInterfaceOrientationLandscapeLeft UIInterfaceOrientationLandscapeRight";
				LD_RUNPATH_SEARCH_PATHS = (
					"$(inherited)",
					"@executable_path/Frameworks",
				);
				MARKETING_VERSION = 1.0;
				PRODUCT_BUNDLE_IDENTIFIER = com.Koo.Weather;
				PRODUCT_NAME = "$(TARGET_NAME)";
				SWIFT_EMIT_LOC_STRINGS = YES;
				SWIFT_VERSION = 5.0;
				TARGETED_DEVICE_FAMILY = "1,2";
			};
			name = Release;
		};
/* End XCBuildConfiguration section */

/* Begin XCConfigurationList section */
		8ED8AF9B27A211750066C525 /* Build configuration list for PBXProject "Weather" */ = {
			isa = XCConfigurationList;
			buildConfigurations = (
				8ED8AFB227A211770066C525 /* Debug */,
				8ED8AFB327A211770066C525 /* Release */,
			);
			defaultConfigurationIsVisible = 0;
			defaultConfigurationName = Release;
		};
		8ED8AFB427A211770066C525 /* Build configuration list for PBXNativeTarget "Weather" */ = {
			isa = XCConfigurationList;
			buildConfigurations = (
				8ED8AFB527A211770066C525 /* Debug */,
				8ED8AFB627A211770066C525 /* Release */,
			);
			defaultConfigurationIsVisible = 0;
			defaultConfigurationName = Release;
		};
/* End XCConfigurationList section */
	};
	rootObject = 8ED8AF9827A211750066C525 /* Project object */;
}
